
Microsoft Visual Studio Solution File, Format Version 12.00
# Visual Studio Version 17
VisualStudioVersion = 17.6.33723.286
MinimumVisualStudioVersion = 10.0.40219.1
Project("{FAE04EC0-301F-11D3-BF4B-00C04F79EFBC}") = "OpenTKEngine", "OpenTKEngine.csproj", "{774E6046-DA49-4D8E-A316-2D939A0F840D}"
EndProject
Global
	GlobalSection(SolutionConfigurationPlatforms) = preSolution
		Debug|Any CPU = Debug|Any CPU
		Release|Any CPU = Release|Any CPU
	EndGlobalSection
	GlobalSection(ProjectConfigurationPlatforms) = postSolution
		{774E6046-DA49-4D8E-A316-2D939A0F840D}.Debug|Any CPU.ActiveCfg = Debug|Any CPU
		{774E6046-DA49-4D8E-A316-2D939A0F840D}.Debug|Any CPU.Build.0 = Debug|Any CPU
		{774E6046-DA49-4D8E-A316-2D939A0F840D}.Release|Any CPU.ActiveCfg = Release|Any CPU
		{774E6046-DA49-4D8E-A316-2D939A0F840D}.Release|Any CPU.Build.0 = Release|Any CPU
	EndGlobalSection
	GlobalSection(SolutionProperties) = preSolution
		HideSolutionNode = FALSE
	EndGlobalSection
	GlobalSection(ExtensibilityGlobals) = postSolution
		SolutionGuid = {47127B6B-6D62-4EA1-A303-BCCFEEB4180D}
	EndGlobalSection
EndGlobal
